
Microsoft Visual Studio Solution File, Format Version 12.00
# Visual Studio Version 16
VisualStudioVersion = 16.0.30320.27
MinimumVisualStudioVersion = 10.0.40219.1
Project("{9A19103F-16F7-4668-BE54-9A1E7A4F7556}") = "FileDemo", "FileDemo\FileDemo.csproj", "{E54AFD00-916E-45AF-B4F8-27198B7A213F}"
EndProject
Project("{FAE04EC0-301F-11D3-BF4B-00C04F79EFBC}") = "JsonDemo", "JsonDemo\JsonDemo.csproj", "{A864B4DC-5DF4-45AA-8143-F6CF967F8694}"
EndProject
Global
	GlobalSection(SolutionConfigurationPlatforms) = preSolution
		Debug|Any CPU = Debug|Any CPU
		Release|Any CPU = Release|Any CPU
	EndGlobalSection
	GlobalSection(ProjectConfigurationPlatforms) = postSolution
		{E54AFD00-916E-45AF-B4F8-27198B7A213F}.Debug|Any CPU.ActiveCfg = Debug|Any CPU
		{E54AFD00-916E-45AF-B4F8-27198B7A213F}.Debug|Any CPU.Build.0 = Debug|Any CPU
		{E54AFD00-916E-45AF-B4F8-27198B7A213F}.Release|Any CPU.ActiveCfg = Release|Any CPU
		{E54AFD00-916E-45AF-B4F8-27198B7A213F}.Release|Any CPU.Build.0 = Release|Any CPU
		{A864B4DC-5DF4-45AA-8143-F6CF967F8694}.Debug|Any CPU.ActiveCfg = Debug|Any CPU
		{A864B4DC-5DF4-45AA-8143-F6CF967F8694}.Debug|Any CPU.Build.0 = Debug|Any CPU
		{A864B4DC-5DF4-45AA-8143-F6CF967F8694}.Release|Any CPU.ActiveCfg = Release|Any CPU
		{A864B4DC-5DF4-45AA-8143-F6CF967F8694}.Release|Any CPU.Build.0 = Release|Any CPU
	EndGlobalSection
	GlobalSection(SolutionProperties) = preSolution
		HideSolutionNode = FALSE
	EndGlobalSection
	GlobalSection(ExtensibilityGlobals) = postSolution
		SolutionGuid = {324B4FBF-1323-4F95-84EC-1F63607B6948}
	EndGlobalSection
EndGlobal
