
Microsoft Visual Studio Solution File, Format Version 12.00
# Visual Studio Version 16
VisualStudioVersion = 16.0.30225.117
MinimumVisualStudioVersion = 10.0.40219.1
Project("{FAE04EC0-301F-11D3-BF4B-00C04F79EFBC}") = "GenericDemo", "GenericDemo\GenericDemo.csproj", "{30D40F23-B542-4460-B726-56EC824ADAC6}"
EndProject
Project("{FAE04EC0-301F-11D3-BF4B-00C04F79EFBC}") = "NewManagement", "NewManagement\NewManagement.csproj", "{CAB1C29F-88A6-4069-8ADF-7F928CA64FA7}"
EndProject
Global
	GlobalSection(SolutionConfigurationPlatforms) = preSolution
		Debug|Any CPU = Debug|Any CPU
		Release|Any CPU = Release|Any CPU
	EndGlobalSection
	GlobalSection(ProjectConfigurationPlatforms) = postSolution
		{30D40F23-B542-4460-B726-56EC824ADAC6}.Debug|Any CPU.ActiveCfg = Debug|Any CPU
		{30D40F23-B542-4460-B726-56EC824ADAC6}.Debug|Any CPU.Build.0 = Debug|Any CPU
		{30D40F23-B542-4460-B726-56EC824ADAC6}.Release|Any CPU.ActiveCfg = Release|Any CPU
		{30D40F23-B542-4460-B726-56EC824ADAC6}.Release|Any CPU.Build.0 = Release|Any CPU
		{CAB1C29F-88A6-4069-8ADF-7F928CA64FA7}.Debug|Any CPU.ActiveCfg = Debug|Any CPU
		{CAB1C29F-88A6-4069-8ADF-7F928CA64FA7}.Debug|Any CPU.Build.0 = Debug|Any CPU
		{CAB1C29F-88A6-4069-8ADF-7F928CA64FA7}.Release|Any CPU.ActiveCfg = Release|Any CPU
		{CAB1C29F-88A6-4069-8ADF-7F928CA64FA7}.Release|Any CPU.Build.0 = Release|Any CPU
	EndGlobalSection
	GlobalSection(SolutionProperties) = preSolution
		HideSolutionNode = FALSE
	EndGlobalSection
	GlobalSection(ExtensibilityGlobals) = postSolution
		SolutionGuid = {8EC7BFCF-72F0-4B50-B86D-E55027078F7C}
	EndGlobalSection
EndGlobal
